
Microsoft Visual Studio Solution File, Format Version 12.00
# Visual Studio 15
VisualStudioVersion = 15.0.27428.2002
MinimumVisualStudioVersion = 10.0.40219.1
Project("{9A19103F-16F7-4668-BE54-9A1E7A4F7556}") = "core-testing-sample", "core-testing-sample\core-testing-sample.csproj", "{871EE7F7-4838-48C3-8C0F-D12F896EB780}"
EndProject
Project("{2150E333-8FDC-42A3-9474-1A3956D46DE8}") = "docker", "docker", "{E8AAB380-D0E1-4620-B5F4-D3DE8B321193}"
	ProjectSection(SolutionItems) = preProject
		.dockerignore = .dockerignore
		docker-compose.override.yml = docker-compose.override.yml
		docker-compose.postgres.yml = docker-compose.postgres.yml
		docker-compose.yml = docker-compose.yml
	EndProjectSection
EndProject
Project("{9A19103F-16F7-4668-BE54-9A1E7A4F7556}") = "core-testing-sample.test", "core-testing-sample.test\core-testing-sample.test.csproj", "{52099309-3A44-465B-808D-E81DA0446FF4}"
EndProject
Global
	GlobalSection(SolutionConfigurationPlatforms) = preSolution
		Debug|Any CPU = Debug|Any CPU
		Release|Any CPU = Release|Any CPU
	EndGlobalSection
	GlobalSection(ProjectConfigurationPlatforms) = postSolution
		{871EE7F7-4838-48C3-8C0F-D12F896EB780}.Debug|Any CPU.ActiveCfg = Debug|Any CPU
		{871EE7F7-4838-48C3-8C0F-D12F896EB780}.Debug|Any CPU.Build.0 = Debug|Any CPU
		{871EE7F7-4838-48C3-8C0F-D12F896EB780}.Release|Any CPU.ActiveCfg = Release|Any CPU
		{871EE7F7-4838-48C3-8C0F-D12F896EB780}.Release|Any CPU.Build.0 = Release|Any CPU
		{52099309-3A44-465B-808D-E81DA0446FF4}.Debug|Any CPU.ActiveCfg = Debug|Any CPU
		{52099309-3A44-465B-808D-E81DA0446FF4}.Debug|Any CPU.Build.0 = Debug|Any CPU
		{52099309-3A44-465B-808D-E81DA0446FF4}.Release|Any CPU.ActiveCfg = Release|Any CPU
		{52099309-3A44-465B-808D-E81DA0446FF4}.Release|Any CPU.Build.0 = Release|Any CPU
	EndGlobalSection
	GlobalSection(SolutionProperties) = preSolution
		HideSolutionNode = FALSE
	EndGlobalSection
	GlobalSection(ExtensibilityGlobals) = postSolution
		SolutionGuid = {F92A60F7-798B-4E5D-A4E9-F1384DE6DCBA}
	EndGlobalSection
EndGlobal
